
Microsoft Visual Studio Solution File, Format Version 12.00
# Visual Studio Version 17
VisualStudioVersion = 17.8.34330.188
MinimumVisualStudioVersion = 10.0.40219.1
Project("{FAE04EC0-301F-11D3-BF4B-00C04F79EFBC}") = "WixSharpV4ManagedNoCustom", "WixSharpV4ManagedNoCustom\WixSharpV4ManagedNoCustom.csproj", "{85313236-DAE4-44B2-85D3-1922DA3D76A1}"
EndProject
Project("{FAE04EC0-301F-11D3-BF4B-00C04F79EFBC}") = "WixSharpV4ManagedWPFUI", "WixSharpV4ManagedWPFUI\WixSharpV4ManagedWPFUI.csproj", "{41F21787-E0E6-4B39-B3C3-E440C6474A2F}"
EndProject
Project("{FAE04EC0-301F-11D3-BF4B-00C04F79EFBC}") = "WixSharpV4Bundle", "WixSharpV4Bundle\WixSharpV4Bundle.csproj", "{C6DE3C56-5B96-4D64-AAA6-78512C8EBB06}"
EndProject
Global
	GlobalSection(SolutionConfigurationPlatforms) = preSolution
		Debug|Any CPU = Debug|Any CPU
		Release|Any CPU = Release|Any CPU
	EndGlobalSection
	GlobalSection(ProjectConfigurationPlatforms) = postSolution
		{85313236-DAE4-44B2-85D3-1922DA3D76A1}.Debug|Any CPU.ActiveCfg = Debug|Any CPU
		{85313236-DAE4-44B2-85D3-1922DA3D76A1}.Debug|Any CPU.Build.0 = Debug|Any CPU
		{85313236-DAE4-44B2-85D3-1922DA3D76A1}.Release|Any CPU.ActiveCfg = Release|Any CPU
		{85313236-DAE4-44B2-85D3-1922DA3D76A1}.Release|Any CPU.Build.0 = Release|Any CPU
		{41F21787-E0E6-4B39-B3C3-E440C6474A2F}.Debug|Any CPU.ActiveCfg = Debug|Any CPU
		{41F21787-E0E6-4B39-B3C3-E440C6474A2F}.Debug|Any CPU.Build.0 = Debug|Any CPU
		{41F21787-E0E6-4B39-B3C3-E440C6474A2F}.Release|Any CPU.ActiveCfg = Release|Any CPU
		{41F21787-E0E6-4B39-B3C3-E440C6474A2F}.Release|Any CPU.Build.0 = Release|Any CPU
		{C6DE3C56-5B96-4D64-AAA6-78512C8EBB06}.Debug|Any CPU.ActiveCfg = Debug|Any CPU
		{C6DE3C56-5B96-4D64-AAA6-78512C8EBB06}.Debug|Any CPU.Build.0 = Debug|Any CPU
		{C6DE3C56-5B96-4D64-AAA6-78512C8EBB06}.Release|Any CPU.ActiveCfg = Release|Any CPU
		{C6DE3C56-5B96-4D64-AAA6-78512C8EBB06}.Release|Any CPU.Build.0 = Release|Any CPU
	EndGlobalSection
	GlobalSection(SolutionProperties) = preSolution
		HideSolutionNode = FALSE
	EndGlobalSection
	GlobalSection(ExtensibilityGlobals) = postSolution
		SolutionGuid = {14FFE19C-F038-4A7C-963D-1D22E0FD9B09}
	EndGlobalSection
EndGlobal
